
Microsoft Visual Studio Solution File, Format Version 12.00
# Visual Studio Version 17
VisualStudioVersion = 17.1.32228.430
MinimumVisualStudioVersion = 10.0.40219.1
Project("{FAE04EC0-301F-11D3-BF4B-00C04F79EFBC}") = "CarPark", "CarPark\CarPark.csproj", "{C01FFC0D-588B-45DA-849B-18816886B58E}"
EndProject
Global
	GlobalSection(SolutionConfigurationPlatforms) = preSolution
		Debug|Any CPU = Debug|Any CPU
		Release|Any CPU = Release|Any CPU
	EndGlobalSection
	GlobalSection(ProjectConfigurationPlatforms) = postSolution
		{C01FFC0D-588B-45DA-849B-18816886B58E}.Debug|Any CPU.ActiveCfg = Debug|Any CPU
		{C01FFC0D-588B-45DA-849B-18816886B58E}.Debug|Any CPU.Build.0 = Debug|Any CPU
		{C01FFC0D-588B-45DA-849B-18816886B58E}.Release|Any CPU.ActiveCfg = Release|Any CPU
		{C01FFC0D-588B-45DA-849B-18816886B58E}.Release|Any CPU.Build.0 = Release|Any CPU
	EndGlobalSection
	GlobalSection(SolutionProperties) = preSolution
		HideSolutionNode = FALSE
	EndGlobalSection
	GlobalSection(ExtensibilityGlobals) = postSolution
		SolutionGuid = {0E814632-D97B-4CB6-8D4E-11008764B1EB}
	EndGlobalSection
EndGlobal
